
Microsoft Visual Studio Solution File, Format Version 12.00
# Visual Studio Version 17
VisualStudioVersion = 17.1.32328.378
MinimumVisualStudioVersion = 10.0.40219.1
Project("{FAE04EC0-301F-11D3-BF4B-00C04F79EFBC}") = "FileLoaderGUI", "FileLoaderGUI\FileLoaderGUI.csproj", "{9654394F-C649-400A-8B5D-F5DF3514C441}"
EndProject
Global
	GlobalSection(SolutionConfigurationPlatforms) = preSolution
		Debug|Any CPU = Debug|Any CPU
		Release|Any CPU = Release|Any CPU
	EndGlobalSection
	GlobalSection(ProjectConfigurationPlatforms) = postSolution
		{9654394F-C649-400A-8B5D-F5DF3514C441}.Debug|Any CPU.ActiveCfg = Debug|Any CPU
		{9654394F-C649-400A-8B5D-F5DF3514C441}.Debug|Any CPU.Build.0 = Debug|Any CPU
		{9654394F-C649-400A-8B5D-F5DF3514C441}.Release|Any CPU.ActiveCfg = Release|Any CPU
		{9654394F-C649-400A-8B5D-F5DF3514C441}.Release|Any CPU.Build.0 = Release|Any CPU
	EndGlobalSection
	GlobalSection(SolutionProperties) = preSolution
		HideSolutionNode = FALSE
	EndGlobalSection
	GlobalSection(ExtensibilityGlobals) = postSolution
		SolutionGuid = {F893674A-DA2C-4168-A03D-25C4D0751548}
	EndGlobalSection
EndGlobal
